{
  "name": "test-sniff-bytes",
  "version": "0.1.0",
  "lockfileVersion": 3,
  "requires": true,
  "packages": {
    "": {
      "name": "test-sniff-bytes",
      "version": "0.1.0",
      "license": "MIT",
      "dependencies": {
        "sniff-bytes": "^0.1.11"
      }
    },
    "node_modules/@neon-rs/load": {
      "version": "0.0.165",
      "resolved": "https://registry.npmjs.org/@neon-rs/load/-/load-0.0.165.tgz",
      "integrity": "sha512-J+FdDnYmOdJ25hk4hIRituqp227hPOrmQOkPxgcpKtneCZb+KP/mB6LPL6Ip+kPVjaET8Vr9Qm9gpJwBCkiOow=="
    },
    "node_modules/@sniff-bytes/android-arm-eabi": {
      "version": "0.1.11",
      "resolved": "https://registry.npmjs.org/@sniff-bytes/android-arm-eabi/-/android-arm-eabi-0.1.11.tgz",
      "integrity": "sha512-eaUmzCyXioZuG6RxjpieIb23V1gZMA0S7lj34nq1OfTGMX/AqEIc6RF/9+9/dGrHaeJRbQUYU7m48LsKdGyzhw==",
      "cpu": [
        "arm"
      ],
      "optional": true,
      "os": [
        "android"
      ]
    },
    "node_modules/@sniff-bytes/darwin-arm64": {
      "version": "0.1.11",
      "resolved": "https://registry.npmjs.org/@sniff-bytes/darwin-arm64/-/darwin-arm64-0.1.11.tgz",
      "integrity": "sha512-Gq3rRKa+UF73LuNXF3xyZBotd0tZGZF8Ahp9x5TYekjB3/ZJPMlfymsmkhW2W5ZZubcaD4rt3pFs1DmRFJjtow==",
      "cpu": [
        "arm64"
      ],
      "optional": true,
      "os": [
        "darwin"
      ]
    },
    "node_modules/@sniff-bytes/darwin-x64": {
      "version": "0.1.11",
      "resolved": "https://registry.npmjs.org/@sniff-bytes/darwin-x64/-/darwin-x64-0.1.11.tgz",
      "integrity": "sha512-uzNQuyYA1Tg6zjd9dtkWdnzKb/N7LvkRN6SDeD6nRAUmxWvFD8npm+KFsdKBcAezXBU8Hzbg7CtH8aVq9NMALA==",
      "cpu": [
        "x64"
      ],
      "optional": true,
      "os": [
        "darwin"
      ]
    },
    "node_modules/@sniff-bytes/linux-arm-gnueabihf": {
      "version": "0.1.11",
      "resolved": "https://registry.npmjs.org/@sniff-bytes/linux-arm-gnueabihf/-/linux-arm-gnueabihf-0.1.11.tgz",
      "integrity": "sha512-U+RiyWAcwzfjrRBwER38NA1Z0LuevmHZ0jZEFXkGnz3HVjmy94kSywCurfpbzczMFScgMMEWQMFZ6P/rdu3izA==",
      "cpu": [
        "arm"
      ],
      "optional": true,
      "os": [
        "linux"
      ]
    },
    "node_modules/@sniff-bytes/linux-x64-gnu": {
      "version": "0.1.11",
      "resolved": "https://registry.npmjs.org/@sniff-bytes/linux-x64-gnu/-/linux-x64-gnu-0.1.11.tgz",
      "integrity": "sha512-2rWpxTEePUq0cnGF97ePZZl2DEMfNToLmZbJU2zgTJcmb6fDJSV9zroghyPAS79kVjOstCuUXMjki3Q35oc8og==",
      "cpu": [
        "x64"
      ],
      "optional": true,
      "os": [
        "linux"
      ]
    },
    "node_modules/@sniff-bytes/win32-arm64-msvc": {
      "version": "0.1.11",
      "resolved": "https://registry.npmjs.org/@sniff-bytes/win32-arm64-msvc/-/win32-arm64-msvc-0.1.11.tgz",
      "integrity": "sha512-Xv/JrOM7tTS3/3HXy7XcH578lXdz6WOkZfvUeS95iUjU0Ee4KpGtX73GkAeePH9n/atkGa4ABaawQWLW1vf58g==",
      "cpu": [
        "arm64"
      ],
      "optional": true,
      "os": [
        "win32"
      ]
    },
    "node_modules/@sniff-bytes/win32-x64-msvc": {
      "version": "0.1.11",
      "resolved": "https://registry.npmjs.org/@sniff-bytes/win32-x64-msvc/-/win32-x64-msvc-0.1.11.tgz",
      "integrity": "sha512-LXBYR+5bik3TFqO2JVJERw1AgH6Hmb3+dfVzQfJcPX8r+9umTOGk6UomZLNTOtl+GzKNEpzVHun/ErcYNOKK5A==",
      "cpu": [
        "x64"
      ],
      "optional": true,
      "os": [
        "win32"
      ]
    },
    "node_modules/sniff-bytes": {
      "version": "0.1.11",
      "resolved": "https://registry.npmjs.org/sniff-bytes/-/sniff-bytes-0.1.11.tgz",
      "integrity": "sha512-2w6GPmwlPoB9H08NPc/yh0ZpBnx9yePU0iWjY6TOQJmSGu1QtdG79aa3+F2V+cEGw3r8Fsp5SeMibzsg/72xfA==",
      "dependencies": {
        "@neon-rs/load": "^0.0.165"
      },
      "optionalDependencies": {
        "@sniff-bytes/android-arm-eabi": "0.1.11",
        "@sniff-bytes/darwin-arm64": "0.1.11",
        "@sniff-bytes/darwin-x64": "0.1.11",
        "@sniff-bytes/linux-arm-gnueabihf": "0.1.11",
        "@sniff-bytes/linux-x64-gnu": "0.1.11",
        "@sniff-bytes/win32-arm64-msvc": "0.1.11",
        "@sniff-bytes/win32-x64-msvc": "0.1.11"
      }
    }
  }
}
